
Microsoft Visual Studio Solution File, Format Version 12.00
# Visual Studio Version 17
VisualStudioVersion = 17.8.34330.188
MinimumVisualStudioVersion = 10.0.40219.1
Project("{FAE04EC0-301F-11D3-BF4B-00C04F79EFBC}") = "ASP .NET CORE MVC USING ADO.NET", "ASP .NET CORE MVC USING ADO.NET\ASP .NET CORE MVC USING ADO.NET.csproj", "{A8BB7CDF-7362-4702-A1CC-24931C9FA185}"
EndProject
Global
	GlobalSection(SolutionConfigurationPlatforms) = preSolution
		Debug|Any CPU = Debug|Any CPU
		Release|Any CPU = Release|Any CPU
	EndGlobalSection
	GlobalSection(ProjectConfigurationPlatforms) = postSolution
		{A8BB7CDF-7362-4702-A1CC-24931C9FA185}.Debug|Any CPU.ActiveCfg = Debug|Any CPU
		{A8BB7CDF-7362-4702-A1CC-24931C9FA185}.Debug|Any CPU.Build.0 = Debug|Any CPU
		{A8BB7CDF-7362-4702-A1CC-24931C9FA185}.Release|Any CPU.ActiveCfg = Release|Any CPU
		{A8BB7CDF-7362-4702-A1CC-24931C9FA185}.Release|Any CPU.Build.0 = Release|Any CPU
	EndGlobalSection
	GlobalSection(SolutionProperties) = preSolution
		HideSolutionNode = FALSE
	EndGlobalSection
	GlobalSection(ExtensibilityGlobals) = postSolution
		SolutionGuid = {3E6934CD-BE9C-44E8-89C9-4C8B9B8A417B}
	EndGlobalSection
EndGlobal
